// !$*UTF8*$!
{
	archiveVersion = 1;
	classes = {
	};
	objectVersion = 55;
	objects = {

/* Begin PBXBuildFile section */
		5704FD552CA053A4008BE843 /* WebViewControllerSpy.swift in Sources */ = {isa = PBXBuildFile; fileRef = 5704FD542CA053A1008BE843 /* WebViewControllerSpy.swift */; };
		5704FD5F2CA1A0E2008BE843 /* WebViewTests.swift in Sources */ = {isa = PBXBuildFile; fileRef = 5704FD5E2CA1A0DE008BE843 /* WebViewTests.swift */; };
		5704FD632CA1A13F008BE843 /* WebViewPresenterSpy.swift in Sources */ = {isa = PBXBuildFile; fileRef = 5704FD622CA1A13C008BE843 /* WebViewPresenterSpy.swift */; };
		572951992C36E4280063B5CD /* AppDelegate.swift in Sources */ = {isa = PBXBuildFile; fileRef = 572951982C36E4280063B5CD /* AppDelegate.swift */; };
		5729519B2C36E4280063B5CD /* SceneDelegate.swift in Sources */ = {isa = PBXBuildFile; fileRef = 5729519A2C36E4280063B5CD /* SceneDelegate.swift */; };
		5729519D2C36E4280063B5CD /* ImagesListViewController.swift in Sources */ = {isa = PBXBuildFile; fileRef = 5729519C2C36E4280063B5CD /* ImagesListViewController.swift */; };
		572951A02C36E4280063B5CD /* Main.storyboard in Resources */ = {isa = PBXBuildFile; fileRef = 5729519E2C36E4280063B5CD /* Main.storyboard */; };
		572951A22C36E4290063B5CD /* Assets.xcassets in Resources */ = {isa = PBXBuildFile; fileRef = 572951A12C36E4290063B5CD /* Assets.xcassets */; };
		572951A52C36E4290063B5CD /* LaunchScreen.storyboard in Resources */ = {isa = PBXBuildFile; fileRef = 572951A32C36E4290063B5CD /* LaunchScreen.storyboard */; };
		572F94A62CA202C90026A80E /* ProfilePresenter.swift in Sources */ = {isa = PBXBuildFile; fileRef = 572F94A52CA202B90026A80E /* ProfilePresenter.swift */; };
		572F94AC2CA296DB0026A80E /* Profile.swift in Sources */ = {isa = PBXBuildFile; fileRef = 572F94AB2CA296D70026A80E /* Profile.swift */; };
		572F94AE2CA2979A0026A80E /* PresenterSpy.swift in Sources */ = {isa = PBXBuildFile; fileRef = 572F94AD2CA297910026A80E /* PresenterSpy.swift */; };
		572F94B02CA297A50026A80E /* ViewControllerSpy.swift in Sources */ = {isa = PBXBuildFile; fileRef = 572F94AF2CA2979D0026A80E /* ViewControllerSpy.swift */; };
		572F94B22CA2B0460026A80E /* ImageListPresenter.swift in Sources */ = {isa = PBXBuildFile; fileRef = 572F94B12CA2AFED0026A80E /* ImageListPresenter.swift */; };
		572F94B52CA31C4E0026A80E /* ImagesListPresenterSpy.swift in Sources */ = {isa = PBXBuildFile; fileRef = 572F94B42CA31C430026A80E /* ImagesListPresenterSpy.swift */; };
		572F94B72CA31CD70026A80E /* ImageList.swift in Sources */ = {isa = PBXBuildFile; fileRef = 572F94B62CA31CD10026A80E /* ImageList.swift */; };
		572F94CE2CA330180026A80E /* ImageFeedUITests.swift in Sources */ = {isa = PBXBuildFile; fileRef = 572F94CB2CA330180026A80E /* ImageFeedUITests.swift */; };
		572F94CF2CA330180026A80E /* ImageFeedUITestsLaunchTests.swift in Sources */ = {isa = PBXBuildFile; fileRef = 572F94CC2CA330180026A80E /* ImageFeedUITestsLaunchTests.swift */; };
		57368FC32C774CD900FE81AA /* ProfileImageService.swift in Sources */ = {isa = PBXBuildFile; fileRef = 57368FC22C774CD900FE81AA /* ProfileImageService.swift */; };
		57368FC62C7B718100FE81AA /* Kingfisher in Frameworks */ = {isa = PBXBuildFile; productRef = 57368FC52C7B718100FE81AA /* Kingfisher */; };
		57385AE82C7F5C0600AAF1BC /* TabBarController.swift in Sources */ = {isa = PBXBuildFile; fileRef = 57385AE72C7F5C0600AAF1BC /* TabBarController.swift */; };
		573A34892C86F9EB000C6187 /* ImagesListService.swift in Sources */ = {isa = PBXBuildFile; fileRef = 573A34882C86F9EB000C6187 /* ImagesListService.swift */; };
		574535222C7CAB8A00E6AC68 /* SwiftKeychainWrapper in Frameworks */ = {isa = PBXBuildFile; productRef = 574535212C7CAB8A00E6AC68 /* SwiftKeychainWrapper */; };
		579E1FDD2C3D3F1F00AED135 /* ImagesListCell.swift in Sources */ = {isa = PBXBuildFile; fileRef = 579E1FDC2C3D3F1F00AED135 /* ImagesListCell.swift */; };
		579E202C2C45535000AED135 /* ProfileViewController.swift in Sources */ = {isa = PBXBuildFile; fileRef = 579E202B2C45535000AED135 /* ProfileViewController.swift */; };
		579E202F2C479F1400AED135 /* SingleImageViewController.swift in Sources */ = {isa = PBXBuildFile; fileRef = 579E202E2C479F1400AED135 /* SingleImageViewController.swift */; };
		57A467902C5BA8A500EB651B /* AuthViewController.swift in Sources */ = {isa = PBXBuildFile; fileRef = 57A4678F2C5BA8A500EB651B /* AuthViewController.swift */; };
		57A467932C5BB3C100EB651B /* WebViewViewController.swift in Sources */ = {isa = PBXBuildFile; fileRef = 57A467922C5BB3C100EB651B /* WebViewViewController.swift */; };
		57B84C302C5EA5D100C28097 /* OAuth2Service.swift in Sources */ = {isa = PBXBuildFile; fileRef = 57B84C2F2C5EA5D100C28097 /* OAuth2Service.swift */; };
		57B84C342C60DA8000C28097 /* URLSession+data.swift in Sources */ = {isa = PBXBuildFile; fileRef = 57B84C332C60DA8000C28097 /* URLSession+data.swift */; };
		57B84C362C60DC0500C28097 /* OAuthTokenResponseBody.swift in Sources */ = {isa = PBXBuildFile; fileRef = 57B84C352C60DC0500C28097 /* OAuthTokenResponseBody.swift */; };
		57B84C392C60E5DF00C28097 /* OAuth2TokenStorage.swift in Sources */ = {isa = PBXBuildFile; fileRef = 57B84C382C60E5DF00C28097 /* OAuth2TokenStorage.swift */; };
		57B84C3E2C61357900C28097 /* SplashViewController.swift in Sources */ = {isa = PBXBuildFile; fileRef = 57B84C3D2C61357900C28097 /* SplashViewController.swift */; };
		57E0A68A2C9D4FD300992CDA /* WebViewPresenter.swift in Sources */ = {isa = PBXBuildFile; fileRef = 57E0A6892C9D4FD300992CDA /* WebViewPresenter.swift */; };
		57E0A68E2C9E225D00992CDA /* AuthConfiguration.swift in Sources */ = {isa = PBXBuildFile; fileRef = 57E0A68D2C9E225D00992CDA /* AuthConfiguration.swift */; };
		57E0A6902C9E23C400992CDA /* AuthHelper.swift in Sources */ = {isa = PBXBuildFile; fileRef = 57E0A68F2C9E23C400992CDA /* AuthHelper.swift */; };
		57F8A1F02C6CAFB70067DD31 /* ProgressHUD in Frameworks */ = {isa = PBXBuildFile; productRef = 57F8A1EF2C6CAFB70067DD31 /* ProgressHUD */; };
		57F8A1F22C6EE49E0067DD31 /* UIBlockingProgressHUD.swift in Sources */ = {isa = PBXBuildFile; fileRef = 57F8A1F12C6EE49E0067DD31 /* UIBlockingProgressHUD.swift */; };
		57F8A1F42C6F910A0067DD31 /* ProfileService.swift in Sources */ = {isa = PBXBuildFile; fileRef = 57F8A1F32C6F910A0067DD31 /* ProfileService.swift */; };
/* End PBXBuildFile section */

/* Begin PBXContainerItemProxy section */
		572F94C22CA3221D0026A80E /* PBXContainerItemProxy */ = {
			isa = PBXContainerItemProxy;
			containerPortal = 5729518D2C36E4280063B5CD /* Project object */;
			proxyType = 1;
			remoteGlobalIDString = 572951942C36E4280063B5CD;
			remoteInfo = ImageFeed;
		};
		57E0A6992C9EE31000992CDA /* PBXContainerItemProxy */ = {
			isa = PBXContainerItemProxy;
			containerPortal = 5729518D2C36E4280063B5CD /* Project object */;
			proxyType = 1;
			remoteGlobalIDString = 572951942C36E4280063B5CD;
			remoteInfo = ImageFeed;
		};
/* End PBXContainerItemProxy section */

/* Begin PBXFileReference section */
		5704FD542CA053A1008BE843 /* WebViewControllerSpy.swift */ = {isa = PBXFileReference; lastKnownFileType = sourcecode.swift; path = WebViewControllerSpy.swift; sourceTree = "<group>"; };
		5704FD5E2CA1A0DE008BE843 /* WebViewTests.swift */ = {isa = PBXFileReference; lastKnownFileType = sourcecode.swift; path = WebViewTests.swift; sourceTree = "<group>"; };
		5704FD622CA1A13C008BE843 /* WebViewPresenterSpy.swift */ = {isa = PBXFileReference; lastKnownFileType = sourcecode.swift; path = WebViewPresenterSpy.swift; sourceTree = "<group>"; };
		572951952C36E4280063B5CD /* ImageFeed.app */ = {isa = PBXFileReference; explicitFileType = wrapper.application; includeInIndex = 0; path = ImageFeed.app; sourceTree = BUILT_PRODUCTS_DIR; };
		572951982C36E4280063B5CD /* AppDelegate.swift */ = {isa = PBXFileReference; lastKnownFileType = sourcecode.swift; path = AppDelegate.swift; sourceTree = "<group>"; };
		5729519A2C36E4280063B5CD /* SceneDelegate.swift */ = {isa = PBXFileReference; lastKnownFileType = sourcecode.swift; path = SceneDelegate.swift; sourceTree = "<group>"; };
		5729519C2C36E4280063B5CD /* ImagesListViewController.swift */ = {isa = PBXFileReference; lastKnownFileType = sourcecode.swift; path = ImagesListViewController.swift; sourceTree = "<group>"; };
		5729519F2C36E4280063B5CD /* Base */ = {isa = PBXFileReference; lastKnownFileType = file.storyboard; name = Base; path = Base.lproj/Main.storyboard; sourceTree = "<group>"; };
		572951A12C36E4290063B5CD /* Assets.xcassets */ = {isa = PBXFileReference; lastKnownFileType = folder.assetcatalog; path = Assets.xcassets; sourceTree = "<group>"; };
		572951A42C36E4290063B5CD /* Base */ = {isa = PBXFileReference; lastKnownFileType = file.storyboard; name = Base; path = Base.lproj/LaunchScreen.storyboard; sourceTree = "<group>"; };
		572951A62C36E4290063B5CD /* Info.plist */ = {isa = PBXFileReference; lastKnownFileType = text.plist.xml; path = Info.plist; sourceTree = "<group>"; };
		572F94A52CA202B90026A80E /* ProfilePresenter.swift */ = {isa = PBXFileReference; lastKnownFileType = sourcecode.swift; path = ProfilePresenter.swift; sourceTree = "<group>"; };
		572F94AB2CA296D70026A80E /* Profile.swift */ = {isa = PBXFileReference; lastKnownFileType = sourcecode.swift; path = Profile.swift; sourceTree = "<group>"; };
		572F94AD2CA297910026A80E /* PresenterSpy.swift */ = {isa = PBXFileReference; lastKnownFileType = sourcecode.swift; path = PresenterSpy.swift; sourceTree = "<group>"; };
		572F94AF2CA2979D0026A80E /* ViewControllerSpy.swift */ = {isa = PBXFileReference; lastKnownFileType = sourcecode.swift; path = ViewControllerSpy.swift; sourceTree = "<group>"; };
		572F94B12CA2AFED0026A80E /* ImageListPresenter.swift */ = {isa = PBXFileReference; lastKnownFileType = sourcecode.swift; path = ImageListPresenter.swift; sourceTree = "<group>"; };
		572F94B42CA31C430026A80E /* ImagesListPresenterSpy.swift */ = {isa = PBXFileReference; lastKnownFileType = sourcecode.swift; path = ImagesListPresenterSpy.swift; sourceTree = "<group>"; };
		572F94B62CA31CD10026A80E /* ImageList.swift */ = {isa = PBXFileReference; lastKnownFileType = sourcecode.swift; path = ImageList.swift; sourceTree = "<group>"; };
		572F94BC2CA3221D0026A80E /* ImageFeedUITests.xctest */ = {isa = PBXFileReference; explicitFileType = wrapper.cfbundle; includeInIndex = 0; path = ImageFeedUITests.xctest; sourceTree = BUILT_PRODUCTS_DIR; };
		572F94CB2CA330180026A80E /* ImageFeedUITests.swift */ = {isa = PBXFileReference; lastKnownFileType = sourcecode.swift; path = ImageFeedUITests.swift; sourceTree = "<group>"; wrapsLines = 0; };
		572F94CC2CA330180026A80E /* ImageFeedUITestsLaunchTests.swift */ = {isa = PBXFileReference; lastKnownFileType = sourcecode.swift; path = ImageFeedUITestsLaunchTests.swift; sourceTree = "<group>"; };
		57368FC22C774CD900FE81AA /* ProfileImageService.swift */ = {isa = PBXFileReference; lastKnownFileType = sourcecode.swift; path = ProfileImageService.swift; sourceTree = "<group>"; };
		57385AE72C7F5C0600AAF1BC /* TabBarController.swift */ = {isa = PBXFileReference; lastKnownFileType = sourcecode.swift; path = TabBarController.swift; sourceTree = "<group>"; };
		573A34882C86F9EB000C6187 /* ImagesListService.swift */ = {isa = PBXFileReference; lastKnownFileType = sourcecode.swift; path = ImagesListService.swift; sourceTree = "<group>"; };
		579E1FDC2C3D3F1F00AED135 /* ImagesListCell.swift */ = {isa = PBXFileReference; lastKnownFileType = sourcecode.swift; path = ImagesListCell.swift; sourceTree = "<group>"; };
		579E202B2C45535000AED135 /* ProfileViewController.swift */ = {isa = PBXFileReference; lastKnownFileType = sourcecode.swift; path = ProfileViewController.swift; sourceTree = "<group>"; };
		579E202E2C479F1400AED135 /* SingleImageViewController.swift */ = {isa = PBXFileReference; lastKnownFileType = sourcecode.swift; path = SingleImageViewController.swift; sourceTree = "<group>"; };
		57A4678F2C5BA8A500EB651B /* AuthViewController.swift */ = {isa = PBXFileReference; lastKnownFileType = sourcecode.swift; path = AuthViewController.swift; sourceTree = "<group>"; };
		57A467922C5BB3C100EB651B /* WebViewViewController.swift */ = {isa = PBXFileReference; lastKnownFileType = sourcecode.swift; path = WebViewViewController.swift; sourceTree = "<group>"; };
		57B84C2F2C5EA5D100C28097 /* OAuth2Service.swift */ = {isa = PBXFileReference; lastKnownFileType = sourcecode.swift; path = OAuth2Service.swift; sourceTree = "<group>"; };
		57B84C332C60DA8000C28097 /* URLSession+data.swift */ = {isa = PBXFileReference; lastKnownFileType = sourcecode.swift; path = "URLSession+data.swift"; sourceTree = "<group>"; };
		57B84C352C60DC0500C28097 /* OAuthTokenResponseBody.swift */ = {isa = PBXFileReference; lastKnownFileType = sourcecode.swift; path = OAuthTokenResponseBody.swift; sourceTree = "<group>"; };
		57B84C382C60E5DF00C28097 /* OAuth2TokenStorage.swift */ = {isa = PBXFileReference; lastKnownFileType = sourcecode.swift; path = OAuth2TokenStorage.swift; sourceTree = "<group>"; };
		57B84C3D2C61357900C28097 /* SplashViewController.swift */ = {isa = PBXFileReference; lastKnownFileType = sourcecode.swift; path = SplashViewController.swift; sourceTree = "<group>"; };
		57E0A6892C9D4FD300992CDA /* WebViewPresenter.swift */ = {isa = PBXFileReference; lastKnownFileType = sourcecode.swift; path = WebViewPresenter.swift; sourceTree = "<group>"; };
		57E0A68D2C9E225D00992CDA /* AuthConfiguration.swift */ = {isa = PBXFileReference; lastKnownFileType = sourcecode.swift; path = AuthConfiguration.swift; sourceTree = "<group>"; };
		57E0A68F2C9E23C400992CDA /* AuthHelper.swift */ = {isa = PBXFileReference; lastKnownFileType = sourcecode.swift; path = AuthHelper.swift; sourceTree = "<group>"; };
		57E0A6952C9EE31000992CDA /* ImageFeedUnitTests.xctest */ = {isa = PBXFileReference; explicitFileType = wrapper.cfbundle; includeInIndex = 0; path = ImageFeedUnitTests.xctest; sourceTree = BUILT_PRODUCTS_DIR; };
		57F8A1F12C6EE49E0067DD31 /* UIBlockingProgressHUD.swift */ = {isa = PBXFileReference; lastKnownFileType = sourcecode.swift; path = UIBlockingProgressHUD.swift; sourceTree = "<group>"; };
		57F8A1F32C6F910A0067DD31 /* ProfileService.swift */ = {isa = PBXFileReference; lastKnownFileType = sourcecode.swift; path = ProfileService.swift; sourceTree = "<group>"; };
/* End PBXFileReference section */

/* Begin PBXFrameworksBuildPhase section */
		572951922C36E4280063B5CD /* Frameworks */ = {
			isa = PBXFrameworksBuildPhase;
			buildActionMask = 2147483647;
			files = (
				57368FC62C7B718100FE81AA /* Kingfisher in Frameworks */,
				57F8A1F02C6CAFB70067DD31 /* ProgressHUD in Frameworks */,
				574535222C7CAB8A00E6AC68 /* SwiftKeychainWrapper in Frameworks */,
			);
			runOnlyForDeploymentPostprocessing = 0;
		};
		572F94B92CA3221D0026A80E /* Frameworks */ = {
			isa = PBXFrameworksBuildPhase;
			buildActionMask = 2147483647;
			files = (
			);
			runOnlyForDeploymentPostprocessing = 0;
		};
		57E0A6922C9EE31000992CDA /* Frameworks */ = {
			isa = PBXFrameworksBuildPhase;
			buildActionMask = 2147483647;
			files = (
			);
			runOnlyForDeploymentPostprocessing = 0;
		};
/* End PBXFrameworksBuildPhase section */

/* Begin PBXGroup section */
		5729518C2C36E4280063B5CD = {
			isa = PBXGroup;
			children = (
				572951972C36E4280063B5CD /* ImageFeed */,
				57E0A6962C9EE31000992CDA /* ImageFeedTests */,
				572F94CD2CA330180026A80E /* ImageFeedUITests */,
				572951962C36E4280063B5CD /* Products */,
			);
			sourceTree = "<group>";
		};
		572951962C36E4280063B5CD /* Products */ = {
			isa = PBXGroup;
			children = (
				572951952C36E4280063B5CD /* ImageFeed.app */,
				57E0A6952C9EE31000992CDA /* ImageFeedUnitTests.xctest */,
				572F94BC2CA3221D0026A80E /* ImageFeedUITests.xctest */,
			);
			name = Products;
			sourceTree = "<group>";
		};
		572951972C36E4280063B5CD /* ImageFeed */ = {
			isa = PBXGroup;
			children = (
				5740BB8A2C53A54E00568E88 /* App */,
				57B84C372C60DC3200C28097 /* View */,
				57B84C312C5EA5DA00C28097 /* OAuth */,
				57B84C322C60DA2600C28097 /* URL + Extension */,
				5729519E2C36E4280063B5CD /* Main.storyboard */,
				572951A32C36E4290063B5CD /* LaunchScreen.storyboard */,
				57E0A68D2C9E225D00992CDA /* AuthConfiguration.swift */,
				572951A62C36E4290063B5CD /* Info.plist */,
				572951A12C36E4290063B5CD /* Assets.xcassets */,
			);
			path = ImageFeed;
			sourceTree = "<group>";
		};
		572F94A92CA295840026A80E /* WebView */ = {
			isa = PBXGroup;
			children = (
				5704FD5E2CA1A0DE008BE843 /* WebViewTests.swift */,
				5704FD542CA053A1008BE843 /* WebViewControllerSpy.swift */,
				5704FD622CA1A13C008BE843 /* WebViewPresenterSpy.swift */,
			);
			path = WebView;
			sourceTree = "<group>";
		};
		572F94AA2CA295D40026A80E /* ProfileTests */ = {
			isa = PBXGroup;
			children = (
				572F94AB2CA296D70026A80E /* Profile.swift */,
				572F94AF2CA2979D0026A80E /* ViewControllerSpy.swift */,
				572F94AD2CA297910026A80E /* PresenterSpy.swift */,
			);
			path = ProfileTests;
			sourceTree = "<group>";
		};
		572F94B32CA31C190026A80E /* ImageListTest */ = {
			isa = PBXGroup;
			children = (
				572F94B42CA31C430026A80E /* ImagesListPresenterSpy.swift */,
				572F94B62CA31CD10026A80E /* ImageList.swift */,
			);
			path = ImageListTest;
			sourceTree = "<group>";
		};
		572F94CD2CA330180026A80E /* ImageFeedUITests */ = {
			isa = PBXGroup;
			children = (
				572F94CB2CA330180026A80E /* ImageFeedUITests.swift */,
				572F94CC2CA330180026A80E /* ImageFeedUITestsLaunchTests.swift */,
			);
			path = ImageFeedUITests;
			sourceTree = "<group>";
		};
		57385AE62C7F5BFA00AAF1BC /* TabBarController */ = {
			isa = PBXGroup;
			children = (
				57385AE72C7F5C0600AAF1BC /* TabBarController.swift */,
			);
			path = TabBarController;
			sourceTree = "<group>";
		};
		5740BB892C4E454F00568E88 /* SingleImageViewController */ = {
			isa = PBXGroup;
			children = (
				579E202E2C479F1400AED135 /* SingleImageViewController.swift */,
			);
			path = SingleImageViewController;
			sourceTree = "<group>";
		};
		5740BB8A2C53A54E00568E88 /* App */ = {
			isa = PBXGroup;
			children = (
				572951982C36E4280063B5CD /* AppDelegate.swift */,
				5729519A2C36E4280063B5CD /* SceneDelegate.swift */,
			);
			path = App;
			sourceTree = "<group>";
		};
		579E1FDA2C3D3EDE00AED135 /* ImagesList */ = {
			isa = PBXGroup;
			children = (
				579E1FDC2C3D3F1F00AED135 /* ImagesListCell.swift */,
				572F94B12CA2AFED0026A80E /* ImageListPresenter.swift */,
				5729519C2C36E4280063B5CD /* ImagesListViewController.swift */,
				573A34882C86F9EB000C6187 /* ImagesListService.swift */,
			);
			path = ImagesList;
			sourceTree = "<group>";
		};
		579E202D2C479EED00AED135 /* Profile */ = {
			isa = PBXGroup;
			children = (
				579E202B2C45535000AED135 /* ProfileViewController.swift */,
				572F94A52CA202B90026A80E /* ProfilePresenter.swift */,
				57F8A1F32C6F910A0067DD31 /* ProfileService.swift */,
				57368FC22C774CD900FE81AA /* ProfileImageService.swift */,
			);
			path = Profile;
			sourceTree = "<group>";
		};
		57A467912C5BA8F100EB651B /* Auth */ = {
			isa = PBXGroup;
			children = (
				57A4678F2C5BA8A500EB651B /* AuthViewController.swift */,
				57A467922C5BB3C100EB651B /* WebViewViewController.swift */,
				57E0A6892C9D4FD300992CDA /* WebViewPresenter.swift */,
				57E0A68F2C9E23C400992CDA /* AuthHelper.swift */,
			);
			path = Auth;
			sourceTree = "<group>";
		};
		57B84C312C5EA5DA00C28097 /* OAuth */ = {
			isa = PBXGroup;
			children = (
				57B84C2F2C5EA5D100C28097 /* OAuth2Service.swift */,
				57B84C352C60DC0500C28097 /* OAuthTokenResponseBody.swift */,
				57B84C382C60E5DF00C28097 /* OAuth2TokenStorage.swift */,
				57F8A1F12C6EE49E0067DD31 /* UIBlockingProgressHUD.swift */,
			);
			path = OAuth;
			sourceTree = "<group>";
		};
		57B84C322C60DA2600C28097 /* URL + Extension */ = {
			isa = PBXGroup;
			children = (
				57B84C332C60DA8000C28097 /* URLSession+data.swift */,
			);
			path = "URL + Extension";
			sourceTree = "<group>";
		};
		57B84C372C60DC3200C28097 /* View */ = {
			isa = PBXGroup;
			children = (
				57B84C3C2C61354600C28097 /* SplashViewController */,
				57385AE62C7F5BFA00AAF1BC /* TabBarController */,
				57A467912C5BA8F100EB651B /* Auth */,
				5740BB892C4E454F00568E88 /* SingleImageViewController */,
				579E202D2C479EED00AED135 /* Profile */,
				579E1FDA2C3D3EDE00AED135 /* ImagesList */,
			);
			path = View;
			sourceTree = "<group>";
		};
		57B84C3C2C61354600C28097 /* SplashViewController */ = {
			isa = PBXGroup;
			children = (
				57B84C3D2C61357900C28097 /* SplashViewController.swift */,
			);
			path = SplashViewController;
			sourceTree = "<group>";
		};
		57E0A6962C9EE31000992CDA /* ImageFeedTests */ = {
			isa = PBXGroup;
			children = (
				572F94A92CA295840026A80E /* WebView */,
				572F94AA2CA295D40026A80E /* ProfileTests */,
				572F94B32CA31C190026A80E /* ImageListTest */,
			);
			path = ImageFeedTests;
			sourceTree = "<group>";
		};
/* End PBXGroup section */

/* Begin PBXNativeTarget section */
		572951942C36E4280063B5CD /* ImageFeed */ = {
			isa = PBXNativeTarget;
			buildConfigurationList = 572951A92C36E4290063B5CD /* Build configuration list for PBXNativeTarget "ImageFeed" */;
			buildPhases = (
				572951912C36E4280063B5CD /* Sources */,
				572951922C36E4280063B5CD /* Frameworks */,
				572951932C36E4280063B5CD /* Resources */,
			);
			buildRules = (
			);
			dependencies = (
			);
			name = ImageFeed;
			packageProductDependencies = (
				57F8A1EF2C6CAFB70067DD31 /* ProgressHUD */,
				57368FC52C7B718100FE81AA /* Kingfisher */,
				574535212C7CAB8A00E6AC68 /* SwiftKeychainWrapper */,
			);
			productName = ImageFeed;
			productReference = 572951952C36E4280063B5CD /* ImageFeed.app */;
			productType = "com.apple.product-type.application";
		};
		572F94BB2CA3221D0026A80E /* ImageFeedUITests */ = {
			isa = PBXNativeTarget;
			buildConfigurationList = 572F94C42CA3221D0026A80E /* Build configuration list for PBXNativeTarget "ImageFeedUITests" */;
			buildPhases = (
				572F94B82CA3221D0026A80E /* Sources */,
				572F94B92CA3221D0026A80E /* Frameworks */,
				572F94BA2CA3221D0026A80E /* Resources */,
			);
			buildRules = (
			);
			dependencies = (
				572F94C32CA3221D0026A80E /* PBXTargetDependency */,
			);
			name = ImageFeedUITests;
			packageProductDependencies = (
			);
			productName = ImageFeedUITests;
			productReference = 572F94BC2CA3221D0026A80E /* ImageFeedUITests.xctest */;
			productType = "com.apple.product-type.bundle.ui-testing";
		};
		57E0A6942C9EE31000992CDA /* ImageFeedUnitTests */ = {
			isa = PBXNativeTarget;
			buildConfigurationList = 57E0A69B2C9EE31000992CDA /* Build configuration list for PBXNativeTarget "ImageFeedUnitTests" */;
			buildPhases = (
				57E0A6912C9EE31000992CDA /* Sources */,
				57E0A6922C9EE31000992CDA /* Frameworks */,
				57E0A6932C9EE31000992CDA /* Resources */,
			);
			buildRules = (
			);
			dependencies = (
				57E0A69A2C9EE31000992CDA /* PBXTargetDependency */,
			);
			name = ImageFeedUnitTests;
			productName = ImageFeedUnitTests;
			productReference = 57E0A6952C9EE31000992CDA /* ImageFeedUnitTests.xctest */;
			productType = "com.apple.product-type.bundle.unit-test";
		};
/* End PBXNativeTarget section */

/* Begin PBXProject section */
		5729518D2C36E4280063B5CD /* Project object */ = {
			isa = PBXProject;
			attributes = {
				BuildIndependentTargetsInParallel = 1;
				LastSwiftUpdateCheck = 1600;
				LastUpgradeCheck = 1510;
				TargetAttributes = {
					572951942C36E4280063B5CD = {
						CreatedOnToolsVersion = 15.1;
					};
					572F94BB2CA3221D0026A80E = {
						CreatedOnToolsVersion = 16.0;
						TestTargetID = 572951942C36E4280063B5CD;
					};
					57E0A6942C9EE31000992CDA = {
						CreatedOnToolsVersion = 15.4;
						TestTargetID = 572951942C36E4280063B5CD;
					};
				};
			};
			buildConfigurationList = 572951902C36E4280063B5CD /* Build configuration list for PBXProject "ImageFeed" */;
			compatibilityVersion = "Xcode 13.0";
			developmentRegion = en;
			hasScannedForEncodings = 0;
			knownRegions = (
				en,
				Base,
			);
			mainGroup = 5729518C2C36E4280063B5CD;
			packageReferences = (
				57F8A1EE2C6CAFB70067DD31 /* XCRemoteSwiftPackageReference "ProgressHUD" */,
				57368FC42C7B718100FE81AA /* XCRemoteSwiftPackageReference "Kingfisher" */,
				574535202C7CAB8A00E6AC68 /* XCRemoteSwiftPackageReference "SwiftKeychainWrapper" */,
			);
			productRefGroup = 572951962C36E4280063B5CD /* Products */;
			projectDirPath = "";
			projectRoot = "";
			targets = (
				572951942C36E4280063B5CD /* ImageFeed */,
				57E0A6942C9EE31000992CDA /* ImageFeedUnitTests */,
				572F94BB2CA3221D0026A80E /* ImageFeedUITests */,
			);
		};
/* End PBXProject section */

/* Begin PBXResourcesBuildPhase section */
		572951932C36E4280063B5CD /* Resources */ = {
			isa = PBXResourcesBuildPhase;
			buildActionMask = 2147483647;
			files = (
				572951A52C36E4290063B5CD /* LaunchScreen.storyboard in Resources */,
				572951A22C36E4290063B5CD /* Assets.xcassets in Resources */,
				572951A02C36E4280063B5CD /* Main.storyboard in Resources */,
			);
			runOnlyForDeploymentPostprocessing = 0;
		};
		572F94BA2CA3221D0026A80E /* Resources */ = {
			isa = PBXResourcesBuildPhase;
			buildActionMask = 2147483647;
			files = (
			);
			runOnlyForDeploymentPostprocessing = 0;
		};
		57E0A6932C9EE31000992CDA /* Resources */ = {
			isa = PBXResourcesBuildPhase;
			buildActionMask = 2147483647;
			files = (
			);
			runOnlyForDeploymentPostprocessing = 0;
		};
/* End PBXResourcesBuildPhase section */

/* Begin PBXSourcesBuildPhase section */
		572951912C36E4280063B5CD /* Sources */ = {
			isa = PBXSourcesBuildPhase;
			buildActionMask = 2147483647;
			files = (
				572F94A62CA202C90026A80E /* ProfilePresenter.swift in Sources */,
				5729519D2C36E4280063B5CD /* ImagesListViewController.swift in Sources */,
				57F8A1F42C6F910A0067DD31 /* ProfileService.swift in Sources */,
				579E1FDD2C3D3F1F00AED135 /* ImagesListCell.swift in Sources */,
				57385AE82C7F5C0600AAF1BC /* TabBarController.swift in Sources */,
				57B84C362C60DC0500C28097 /* OAuthTokenResponseBody.swift in Sources */,
				57E0A6902C9E23C400992CDA /* AuthHelper.swift in Sources */,
				579E202C2C45535000AED135 /* ProfileViewController.swift in Sources */,
				572951992C36E4280063B5CD /* AppDelegate.swift in Sources */,
				572F94B22CA2B0460026A80E /* ImageListPresenter.swift in Sources */,
				57368FC32C774CD900FE81AA /* ProfileImageService.swift in Sources */,
				57A467902C5BA8A500EB651B /* AuthViewController.swift in Sources */,
				57E0A68A2C9D4FD300992CDA /* WebViewPresenter.swift in Sources */,
				579E202F2C479F1400AED135 /* SingleImageViewController.swift in Sources */,
				57F8A1F22C6EE49E0067DD31 /* UIBlockingProgressHUD.swift in Sources */,
				57B84C342C60DA8000C28097 /* URLSession+data.swift in Sources */,
				57B84C3E2C61357900C28097 /* SplashViewController.swift in Sources */,
				573A34892C86F9EB000C6187 /* ImagesListService.swift in Sources */,
				57E0A68E2C9E225D00992CDA /* AuthConfiguration.swift in Sources */,
				57A467932C5BB3C100EB651B /* WebViewViewController.swift in Sources */,
				57B84C302C5EA5D100C28097 /* OAuth2Service.swift in Sources */,
				57B84C392C60E5DF00C28097 /* OAuth2TokenStorage.swift in Sources */,
				5729519B2C36E4280063B5CD /* SceneDelegate.swift in Sources */,
			);
			runOnlyForDeploymentPostprocessing = 0;
		};
		572F94B82CA3221D0026A80E /* Sources */ = {
			isa = PBXSourcesBuildPhase;
			buildActionMask = 2147483647;
			files = (
				572F94CE2CA330180026A80E /* ImageFeedUITests.swift in Sources */,
				572F94CF2CA330180026A80E /* ImageFeedUITestsLaunchTests.swift in Sources */,
			);
			runOnlyForDeploymentPostprocessing = 0;
		};
		57E0A6912C9EE31000992CDA /* Sources */ = {
			isa = PBXSourcesBuildPhase;
			buildActionMask = 2147483647;
			files = (
				572F94AE2CA2979A0026A80E /* PresenterSpy.swift in Sources */,
				572F94B72CA31CD70026A80E /* ImageList.swift in Sources */,
				5704FD552CA053A4008BE843 /* WebViewControllerSpy.swift in Sources */,
				572F94B52CA31C4E0026A80E /* ImagesListPresenterSpy.swift in Sources */,
				5704FD632CA1A13F008BE843 /* WebViewPresenterSpy.swift in Sources */,
				572F94AC2CA296DB0026A80E /* Profile.swift in Sources */,
				5704FD5F2CA1A0E2008BE843 /* WebViewTests.swift in Sources */,
				572F94B02CA297A50026A80E /* ViewControllerSpy.swift in Sources */,
			);
			runOnlyForDeploymentPostprocessing = 0;
		};
/* End PBXSourcesBuildPhase section */

/* Begin PBXTargetDependency section */
		572F94C32CA3221D0026A80E /* PBXTargetDependency */ = {
			isa = PBXTargetDependency;
			target = 572951942C36E4280063B5CD /* ImageFeed */;
			targetProxy = 572F94C22CA3221D0026A80E /* PBXContainerItemProxy */;
		};
		57E0A69A2C9EE31000992CDA /* PBXTargetDependency */ = {
			isa = PBXTargetDependency;
			target = 572951942C36E4280063B5CD /* ImageFeed */;
			targetProxy = 57E0A6992C9EE31000992CDA /* PBXContainerItemProxy */;
		};
/* End PBXTargetDependency section */

/* Begin PBXVariantGroup section */
		5729519E2C36E4280063B5CD /* Main.storyboard */ = {
			isa = PBXVariantGroup;
			children = (
				5729519F2C36E4280063B5CD /* Base */,
			);
			name = Main.storyboard;
			sourceTree = "<group>";
		};
		572951A32C36E4290063B5CD /* LaunchScreen.storyboard */ = {
			isa = PBXVariantGroup;
			children = (
				572951A42C36E4290063B5CD /* Base */,
			);
			name = LaunchScreen.storyboard;
			sourceTree = "<group>";
		};
/* End PBXVariantGroup section */

/* Begin XCBuildConfiguration section */
		572951A72C36E4290063B5CD /* Debug */ = {
			isa = XCBuildConfiguration;
			buildSettings = {
				ALWAYS_SEARCH_USER_PATHS = NO;
				ASSETCATALOG_COMPILER_GENERATE_SWIFT_ASSET_SYMBOL_EXTENSIONS = YES;
				CLANG_ANALYZER_NONNULL = YES;
				CLANG_ANALYZER_NUMBER_OBJECT_CONVERSION = YES_AGGRESSIVE;
				CLANG_CXX_LANGUAGE_STANDARD = "gnu++20";
				CLANG_ENABLE_MODULES = YES;
				CLANG_ENABLE_OBJC_ARC = YES;
				CLANG_ENABLE_OBJC_WEAK = YES;
				CLANG_WARN_BLOCK_CAPTURE_AUTORELEASING = YES;
				CLANG_WARN_BOOL_CONVERSION = YES;
				CLANG_WARN_COMMA = YES;
				CLANG_WARN_CONSTANT_CONVERSION = YES;
				CLANG_WARN_DEPRECATED_OBJC_IMPLEMENTATIONS = YES;
				CLANG_WARN_DIRECT_OBJC_ISA_USAGE = YES_ERROR;
				CLANG_WARN_DOCUMENTATION_COMMENTS = YES;
				CLANG_WARN_EMPTY_BODY = YES;
				CLANG_WARN_ENUM_CONVERSION = YES;
				CLANG_WARN_INFINITE_RECURSION = YES;
				CLANG_WARN_INT_CONVERSION = YES;
				CLANG_WARN_NON_LITERAL_NULL_CONVERSION = YES;
				CLANG_WARN_OBJC_IMPLICIT_RETAIN_SELF = YES;
				CLANG_WARN_OBJC_LITERAL_CONVERSION = YES;
				CLANG_WARN_OBJC_ROOT_CLASS = YES_ERROR;
				CLANG_WARN_QUOTED_INCLUDE_IN_FRAMEWORK_HEADER = YES;
				CLANG_WARN_RANGE_LOOP_ANALYSIS = YES;
				CLANG_WARN_STRICT_PROTOTYPES = YES;
				CLANG_WARN_SUSPICIOUS_MOVE = YES;
				CLANG_WARN_UNGUARDED_AVAILABILITY = YES_AGGRESSIVE;
				CLANG_WARN_UNREACHABLE_CODE = YES;
				CLANG_WARN__DUPLICATE_METHOD_MATCH = YES;
				COPY_PHASE_STRIP = NO;
				DEBUG_INFORMATION_FORMAT = dwarf;
				ENABLE_STRICT_OBJC_MSGSEND = YES;
				ENABLE_TESTABILITY = YES;
				ENABLE_USER_SCRIPT_SANDBOXING = YES;
				GCC_C_LANGUAGE_STANDARD = gnu17;
				GCC_DYNAMIC_NO_PIC = NO;
				GCC_NO_COMMON_BLOCKS = YES;
				GCC_OPTIMIZATION_LEVEL = 0;
				GCC_PREPROCESSOR_DEFINITIONS = (
					"DEBUG=1",
					"$(inherited)",
				);
				GCC_WARN_64_TO_32_BIT_CONVERSION = YES;
				GCC_WARN_ABOUT_RETURN_TYPE = YES_ERROR;
				GCC_WARN_UNDECLARED_SELECTOR = YES;
				GCC_WARN_UNINITIALIZED_AUTOS = YES_AGGRESSIVE;
				GCC_WARN_UNUSED_FUNCTION = YES;
				GCC_WARN_UNUSED_VARIABLE = YES;
				IPHONEOS_DEPLOYMENT_TARGET = 13.0;
				LOCALIZATION_PREFERS_STRING_CATALOGS = YES;
				MTL_ENABLE_DEBUG_INFO = INCLUDE_SOURCE;
				MTL_FAST_MATH = YES;
				ONLY_ACTIVE_ARCH = YES;
				SDKROOT = iphoneos;
				SWIFT_ACTIVE_COMPILATION_CONDITIONS = "DEBUG $(inherited)";
				SWIFT_OPTIMIZATION_LEVEL = "-Onone";
			};
			name = Debug;
		};
		572951A82C36E4290063B5CD /* Release */ = {
			isa = XCBuildConfiguration;
			buildSettings = {
				ALWAYS_SEARCH_USER_PATHS = NO;
				ASSETCATALOG_COMPILER_GENERATE_SWIFT_ASSET_SYMBOL_EXTENSIONS = YES;
				CLANG_ANALYZER_NONNULL = YES;
				CLANG_ANALYZER_NUMBER_OBJECT_CONVERSION = YES_AGGRESSIVE;
				CLANG_CXX_LANGUAGE_STANDARD = "gnu++20";
				CLANG_ENABLE_MODULES = YES;
				CLANG_ENABLE_OBJC_ARC = YES;
				CLANG_ENABLE_OBJC_WEAK = YES;
				CLANG_WARN_BLOCK_CAPTURE_AUTORELEASING = YES;
				CLANG_WARN_BOOL_CONVERSION = YES;
				CLANG_WARN_COMMA = YES;
				CLANG_WARN_CONSTANT_CONVERSION = YES;
				CLANG_WARN_DEPRECATED_OBJC_IMPLEMENTATIONS = YES;
				CLANG_WARN_DIRECT_OBJC_ISA_USAGE = YES_ERROR;
				CLANG_WARN_DOCUMENTATION_COMMENTS = YES;
				CLANG_WARN_EMPTY_BODY = YES;
				CLANG_WARN_ENUM_CONVERSION = YES;
				CLANG_WARN_INFINITE_RECURSION = YES;
				CLANG_WARN_INT_CONVERSION = YES;
				CLANG_WARN_NON_LITERAL_NULL_CONVERSION = YES;
				CLANG_WARN_OBJC_IMPLICIT_RETAIN_SELF = YES;
				CLANG_WARN_OBJC_LITERAL_CONVERSION = YES;
				CLANG_WARN_OBJC_ROOT_CLASS = YES_ERROR;
				CLANG_WARN_QUOTED_INCLUDE_IN_FRAMEWORK_HEADER = YES;
				CLANG_WARN_RANGE_LOOP_ANALYSIS = YES;
				CLANG_WARN_STRICT_PROTOTYPES = YES;
				CLANG_WARN_SUSPICIOUS_MOVE = YES;
				CLANG_WARN_UNGUARDED_AVAILABILITY = YES_AGGRESSIVE;
				CLANG_WARN_UNREACHABLE_CODE = YES;
				CLANG_WARN__DUPLICATE_METHOD_MATCH = YES;
				COPY_PHASE_STRIP = NO;
				DEBUG_INFORMATION_FORMAT = "dwarf-with-dsym";
				ENABLE_NS_ASSERTIONS = NO;
				ENABLE_STRICT_OBJC_MSGSEND = YES;
				ENABLE_USER_SCRIPT_SANDBOXING = YES;
				GCC_C_LANGUAGE_STANDARD = gnu17;
				GCC_NO_COMMON_BLOCKS = YES;
				GCC_WARN_64_TO_32_BIT_CONVERSION = YES;
				GCC_WARN_ABOUT_RETURN_TYPE = YES_ERROR;
				GCC_WARN_UNDECLARED_SELECTOR = YES;
				GCC_WARN_UNINITIALIZED_AUTOS = YES_AGGRESSIVE;
				GCC_WARN_UNUSED_FUNCTION = YES;
				GCC_WARN_UNUSED_VARIABLE = YES;
				IPHONEOS_DEPLOYMENT_TARGET = 13.0;
				LOCALIZATION_PREFERS_STRING_CATALOGS = YES;
				MTL_ENABLE_DEBUG_INFO = NO;
				MTL_FAST_MATH = YES;
				SDKROOT = iphoneos;
				SWIFT_COMPILATION_MODE = wholemodule;
				VALIDATE_PRODUCT = YES;
			};
			name = Release;
		};
		572951AA2C36E4290063B5CD /* Debug */ = {
			isa = XCBuildConfiguration;
			buildSettings = {
				ASSETCATALOG_COMPILER_APPICON_NAME = AppIcon;
				ASSETCATALOG_COMPILER_GLOBAL_ACCENT_COLOR_NAME = AccentColor;
				CODE_SIGN_STYLE = Automatic;
				CURRENT_PROJECT_VERSION = 1;
				DEVELOPMENT_TEAM = KZ5SDR5TM7;
				GENERATE_INFOPLIST_FILE = YES;
				INFOPLIST_FILE = ImageFeed/Info.plist;
				INFOPLIST_KEY_UIApplicationSupportsIndirectInputEvents = YES;
				INFOPLIST_KEY_UILaunchStoryboardName = LaunchScreen.storyboard;
				INFOPLIST_KEY_UIMainStoryboardFile = Main;
				INFOPLIST_KEY_UISupportedInterfaceOrientations = UIInterfaceOrientationPortrait;
				IPHONEOS_DEPLOYMENT_TARGET = 13.0;
				LD_RUNPATH_SEARCH_PATHS = (
					"$(inherited)",
					"@executable_path/Frameworks",
				);
				MARKETING_VERSION = 1.0;
				PRODUCT_BUNDLE_IDENTIFIER = com.isayevrjr.ImageFeed;
				PRODUCT_NAME = "$(TARGET_NAME)";
				SUPPORTED_PLATFORMS = "iphoneos iphonesimulator";
				SUPPORTS_MACCATALYST = NO;
				SWIFT_EMIT_LOC_STRINGS = YES;
				SWIFT_VERSION = 5.0;
				TARGETED_DEVICE_FAMILY = 1;
			};
			name = Debug;
		};
		572951AB2C36E4290063B5CD /* Release */ = {
			isa = XCBuildConfiguration;
			buildSettings = {
				ASSETCATALOG_COMPILER_APPICON_NAME = AppIcon;
				ASSETCATALOG_COMPILER_GLOBAL_ACCENT_COLOR_NAME = AccentColor;
				CODE_SIGN_STYLE = Automatic;
				CURRENT_PROJECT_VERSION = 1;
				DEVELOPMENT_TEAM = KZ5SDR5TM7;
				GENERATE_INFOPLIST_FILE = YES;
				INFOPLIST_FILE = ImageFeed/Info.plist;
				INFOPLIST_KEY_UIApplicationSupportsIndirectInputEvents = YES;
				INFOPLIST_KEY_UILaunchStoryboardName = LaunchScreen.storyboard;
				INFOPLIST_KEY_UIMainStoryboardFile = Main;
				INFOPLIST_KEY_UISupportedInterfaceOrientations = UIInterfaceOrientationPortrait;
				IPHONEOS_DEPLOYMENT_TARGET = 13.0;
				LD_RUNPATH_SEARCH_PATHS = (
					"$(inherited)",
					"@executable_path/Frameworks",
				);
				MARKETING_VERSION = 1.0;
				PRODUCT_BUNDLE_IDENTIFIER = com.isayevrjr.ImageFeed;
				PRODUCT_NAME = "$(TARGET_NAME)";
				SUPPORTED_PLATFORMS = "iphoneos iphonesimulator";
				SUPPORTS_MACCATALYST = NO;
				SWIFT_EMIT_LOC_STRINGS = YES;
				SWIFT_VERSION = 5.0;
				TARGETED_DEVICE_FAMILY = 1;
			};
			name = Release;
		};
		572F94C52CA3221D0026A80E /* Debug */ = {
			isa = XCBuildConfiguration;
			buildSettings = {
				CODE_SIGN_STYLE = Automatic;
				CURRENT_PROJECT_VERSION = 1;
				DEVELOPMENT_TEAM = KZ5SDR5TM7;
				GENERATE_INFOPLIST_FILE = YES;
				IPHONEOS_DEPLOYMENT_TARGET = 18.0;
				MARKETING_VERSION = 1.0;
				PRODUCT_BUNDLE_IDENTIFIER = com.isayevrjr.ImageFeedUITests;
				PRODUCT_NAME = "$(TARGET_NAME)";
				SWIFT_EMIT_LOC_STRINGS = NO;
				SWIFT_VERSION = 5.0;
				TARGETED_DEVICE_FAMILY = "1,2";
				TEST_TARGET_NAME = ImageFeed;
			};
			name = Debug;
		};
		572F94C62CA3221D0026A80E /* Release */ = {
			isa = XCBuildConfiguration;
			buildSettings = {
				CODE_SIGN_STYLE = Automatic;
				CURRENT_PROJECT_VERSION = 1;
				DEVELOPMENT_TEAM = KZ5SDR5TM7;
				GENERATE_INFOPLIST_FILE = YES;
				IPHONEOS_DEPLOYMENT_TARGET = 18.0;
				MARKETING_VERSION = 1.0;
				PRODUCT_BUNDLE_IDENTIFIER = com.isayevrjr.ImageFeedUITests;
				PRODUCT_NAME = "$(TARGET_NAME)";
				SWIFT_EMIT_LOC_STRINGS = NO;
				SWIFT_VERSION = 5.0;
				TARGETED_DEVICE_FAMILY = "1,2";
				TEST_TARGET_NAME = ImageFeed;
			};
			name = Release;
		};
		57E0A69C2C9EE31000992CDA /* Debug */ = {
			isa = XCBuildConfiguration;
			buildSettings = {
				BUNDLE_LOADER = "$(TEST_HOST)";
				CODE_SIGN_STYLE = Automatic;
				CURRENT_PROJECT_VERSION = 1;
				DEVELOPMENT_TEAM = KZ5SDR5TM7;
				GENERATE_INFOPLIST_FILE = YES;
				IPHONEOS_DEPLOYMENT_TARGET = 17.5;
				MARKETING_VERSION = 1.0;
				PRODUCT_BUNDLE_IDENTIFIER = com.isayevrjr.ImageFeedUnitTests;
				PRODUCT_NAME = "$(TARGET_NAME)";
				SWIFT_EMIT_LOC_STRINGS = NO;
				SWIFT_VERSION = 5.0;
				TARGETED_DEVICE_FAMILY = "1,2";
				TEST_HOST = "$(BUILT_PRODUCTS_DIR)/ImageFeed.app/$(BUNDLE_EXECUTABLE_FOLDER_PATH)/ImageFeed";
			};
			name = Debug;
		};
		57E0A69D2C9EE31000992CDA /* Release */ = {
			isa = XCBuildConfiguration;
			buildSettings = {
				BUNDLE_LOADER = "$(TEST_HOST)";
				CODE_SIGN_STYLE = Automatic;
				CURRENT_PROJECT_VERSION = 1;
				DEVELOPMENT_TEAM = KZ5SDR5TM7;
				GENERATE_INFOPLIST_FILE = YES;
				IPHONEOS_DEPLOYMENT_TARGET = 17.5;
				MARKETING_VERSION = 1.0;
				PRODUCT_BUNDLE_IDENTIFIER = com.isayevrjr.ImageFeedUnitTests;
				PRODUCT_NAME = "$(TARGET_NAME)";
				SWIFT_EMIT_LOC_STRINGS = NO;
				SWIFT_VERSION = 5.0;
				TARGETED_DEVICE_FAMILY = "1,2";
				TEST_HOST = "$(BUILT_PRODUCTS_DIR)/ImageFeed.app/$(BUNDLE_EXECUTABLE_FOLDER_PATH)/ImageFeed";
			};
			name = Release;
		};
/* End XCBuildConfiguration section */

/* Begin XCConfigurationList section */
		572951902C36E4280063B5CD /* Build configuration list for PBXProject "ImageFeed" */ = {
			isa = XCConfigurationList;
			buildConfigurations = (
				572951A72C36E4290063B5CD /* Debug */,
				572951A82C36E4290063B5CD /* Release */,
			);
			defaultConfigurationIsVisible = 0;
			defaultConfigurationName = Release;
		};
		572951A92C36E4290063B5CD /* Build configuration list for PBXNativeTarget "ImageFeed" */ = {
			isa = XCConfigurationList;
			buildConfigurations = (
				572951AA2C36E4290063B5CD /* Debug */,
				572951AB2C36E4290063B5CD /* Release */,
			);
			defaultConfigurationIsVisible = 0;
			defaultConfigurationName = Release;
		};
		572F94C42CA3221D0026A80E /* Build configuration list for PBXNativeTarget "ImageFeedUITests" */ = {
			isa = XCConfigurationList;
			buildConfigurations = (
				572F94C52CA3221D0026A80E /* Debug */,
				572F94C62CA3221D0026A80E /* Release */,
			);
			defaultConfigurationIsVisible = 0;
			defaultConfigurationName = Release;
		};
		57E0A69B2C9EE31000992CDA /* Build configuration list for PBXNativeTarget "ImageFeedUnitTests" */ = {
			isa = XCConfigurationList;
			buildConfigurations = (
				57E0A69C2C9EE31000992CDA /* Debug */,
				57E0A69D2C9EE31000992CDA /* Release */,
			);
			defaultConfigurationIsVisible = 0;
			defaultConfigurationName = Release;
		};
/* End XCConfigurationList section */

/* Begin XCRemoteSwiftPackageReference section */
		57368FC42C7B718100FE81AA /* XCRemoteSwiftPackageReference "Kingfisher" */ = {
			isa = XCRemoteSwiftPackageReference;
			repositoryURL = "https://github.com/onevcat/Kingfisher";
			requirement = {
				kind = upToNextMajorVersion;
				minimumVersion = 7.12.0;
			};
		};
		574535202C7CAB8A00E6AC68 /* XCRemoteSwiftPackageReference "SwiftKeychainWrapper" */ = {
			isa = XCRemoteSwiftPackageReference;
			repositoryURL = "https://github.com/jrendel/SwiftKeychainWrapper";
			requirement = {
				kind = exactVersion;
				version = 4.0.1;
			};
		};
		57F8A1EE2C6CAFB70067DD31 /* XCRemoteSwiftPackageReference "ProgressHUD" */ = {
			isa = XCRemoteSwiftPackageReference;
			repositoryURL = "https://github.com/relatedcode/ProgressHUD";
			requirement = {
				kind = exactVersion;
				version = 14.1.3;
			};
		};
/* End XCRemoteSwiftPackageReference section */

/* Begin XCSwiftPackageProductDependency section */
		57368FC52C7B718100FE81AA /* Kingfisher */ = {
			isa = XCSwiftPackageProductDependency;
			package = 57368FC42C7B718100FE81AA /* XCRemoteSwiftPackageReference "Kingfisher" */;
			productName = Kingfisher;
		};
		574535212C7CAB8A00E6AC68 /* SwiftKeychainWrapper */ = {
			isa = XCSwiftPackageProductDependency;
			package = 574535202C7CAB8A00E6AC68 /* XCRemoteSwiftPackageReference "SwiftKeychainWrapper" */;
			productName = SwiftKeychainWrapper;
		};
		57F8A1EF2C6CAFB70067DD31 /* ProgressHUD */ = {
			isa = XCSwiftPackageProductDependency;
			package = 57F8A1EE2C6CAFB70067DD31 /* XCRemoteSwiftPackageReference "ProgressHUD" */;
			productName = ProgressHUD;
		};
/* End XCSwiftPackageProductDependency section */
	};
	rootObject = 5729518D2C36E4280063B5CD /* Project object */;
}
